// !$*UTF8*$!
{
	archiveVersion = 1;
	classes = {
	};
	objectVersion = 46;
	objects = {

/* Begin PBXBuildFile section */
		D41228FA1DB9B7CF00FB4937 /* Communication.h in CopyFiles */ = {isa = PBXBuildFile; fileRef = D41228F91DB9B7CF00FB4937 /* Communication.h */; };
		D41228FC1DB9B7CF00FB4937 /* Communication.m in Sources */ = {isa = PBXBuildFile; fileRef = D41228FB1DB9B7CF00FB4937 /* Communication.m */; };
/* End PBXBuildFile section */

/* Begin PBXCopyFilesBuildPhase section */
		D41228F41DB9B7CF00FB4937 /* CopyFiles */ = {
			isa = PBXCopyFilesBuildPhase;
			buildActionMask = 2147483647;
			dstPath = "include/$(PRODUCT_NAME)";
			dstSubfolderSpec = 16;
			files = (
				D41228FA1DB9B7CF00FB4937 /* Communication.h in CopyFiles */,
			);
			runOnlyForDeploymentPostprocessing = 0;
		};
/* End PBXCopyFilesBuildPhase section */

/* Begin PBXFileReference section */
		D41228F61DB9B7CF00FB4937 /* libCommunication.a */ = {isa = PBXFileReference; explicitFileType = archive.ar; includeInIndex = 0; path = libCommunication.a; sourceTree = BUILT_PRODUCTS_DIR; };
		D41228F91DB9B7CF00FB4937 /* Communication.h */ = {isa = PBXFileReference; lastKnownFileType = sourcecode.c.h; path = Communication.h; sourceTree = "<group>"; };
		D41228FB1DB9B7CF00FB4937 /* Communication.m */ = {isa = PBXFileReference; lastKnownFileType = sourcecode.c.objc; path = Communication.m; sourceTree = "<group>"; };
/* End PBXFileReference section */

/* Begin PBXFrameworksBuildPhase section */
		D41228F31DB9B7CF00FB4937 /* Frameworks */ = {
			isa = PBXFrameworksBuildPhase;
			buildActionMask = 2147483647;
			files = (
			);
			runOnlyForDeploymentPostprocessing = 0;
		};
/* End PBXFrameworksBuildPhase section */

/* Begin PBXGroup section */
		D41228ED1DB9B7CF00FB4937 = {
			isa = PBXGroup;
			children = (
				D41228F81DB9B7CF00FB4937 /* Communication */,
				D41228F71DB9B7CF00FB4937 /* Products */,
			);
			sourceTree = "<group>";
		};
		D41228F71DB9B7CF00FB4937 /* Products */ = {
			isa = PBXGroup;
			children = (
				D41228F61DB9B7CF00FB4937 /* libCommunication.a */,
			);
			name = Products;
			sourceTree = "<group>";
		};
		D41228F81DB9B7CF00FB4937 /* Communication */ = {
			isa = PBXGroup;
			children = (
				D41228F91DB9B7CF00FB4937 /* Communication.h */,
				D41228FB1DB9B7CF00FB4937 /* Communication.m */,
			);
			path = Communication;
			sourceTree = "<group>";
		};
/* End PBXGroup section */

/* Begin PBXNativeTarget section */
		D41228F51DB9B7CF00FB4937 /* Communication */ = {
			isa = PBXNativeTarget;
			buildConfigurationList = D41228FF1DB9B7CF00FB4937 /* Build configuration list for PBXNativeTarget "Communication" */;
			buildPhases = (
				D41228F21DB9B7CF00FB4937 /* Sources */,
				D41228F31DB9B7CF00FB4937 /* Frameworks */,
				D41228F41DB9B7CF00FB4937 /* CopyFiles */,
			);
			buildRules = (
			);
			dependencies = (
			);
			name = Communication;
			productName = Communication;
			productReference = D41228F61DB9B7CF00FB4937 /* libCommunication.a */;
			productType = "com.apple.product-type.library.static";
		};
/* End PBXNativeTarget section */

/* Begin PBXProject section */
		D41228EE1DB9B7CF00FB4937 /* Project object */ = {
			isa = PBXProject;
			attributes = {
				LastUpgradeCheck = 0730;
				ORGANIZATIONNAME = cn.com.jiuqi;
				TargetAttributes = {
					D41228F51DB9B7CF00FB4937 = {
						CreatedOnToolsVersion = 7.3.1;
					};
				};
			};
			buildConfigurationList = D41228F11DB9B7CF00FB4937 /* Build configuration list for PBXProject "Communication" */;
			compatibilityVersion = "Xcode 3.2";
			developmentRegion = English;
			hasScannedForEncodings = 0;
			knownRegions = (
				en,
			);
			mainGroup = D41228ED1DB9B7CF00FB4937;
			productRefGroup = D41228F71DB9B7CF00FB4937 /* Products */;
			projectDirPath = "";
			projectRoot = "";
			targets = (
				D41228F51DB9B7CF00FB4937 /* Communication */,
			);
		};
/* End PBXProject section */

/* Begin PBXSourcesBuildPhase section */
		D41228F21DB9B7CF00FB4937 /* Sources */ = {
			isa = PBXSourcesBuildPhase;
			buildActionMask = 2147483647;
			files = (
				D41228FC1DB9B7CF00FB4937 /* Communication.m in Sources */,
			);
			runOnlyForDeploymentPostprocessing = 0;
		};
/* End PBXSourcesBuildPhase section */

/* Begin XCBuildConfiguration section */
		D41228FD1DB9B7CF00FB4937 /* Debug */ = {
			isa = XCBuildConfiguration;
			buildSettings = {
				ALWAYS_SEARCH_USER_PATHS = NO;
				CLANG_ANALYZER_NONNULL = YES;
				CLANG_CXX_LANGUAGE_STANDARD = "gnu++0x";
				CLANG_CXX_LIBRARY = "libc++";
				CLANG_ENABLE_MODULES = YES;
				CLANG_ENABLE_OBJC_ARC = YES;
				CLANG_WARN_BOOL_CONVERSION = YES;
				CLANG_WARN_CONSTANT_CONVERSION = YES;
				CLANG_WARN_DIRECT_OBJC_ISA_USAGE = YES_ERROR;
				CLANG_WARN_EMPTY_BODY = YES;
				CLANG_WARN_ENUM_CONVERSION = YES;
				CLANG_WARN_INT_CONVERSION = YES;
				CLANG_WARN_OBJC_ROOT_CLASS = YES_ERROR;
				CLANG_WARN_UNREACHABLE_CODE = YES;
				CLANG_WARN__DUPLICATE_METHOD_MATCH = YES;
				"CODE_SIGN_IDENTITY[sdk=iphoneos*]" = "iPhone Developer";
				COPY_PHASE_STRIP = NO;
				DEBUG_INFORMATION_FORMAT = dwarf;
				ENABLE_STRICT_OBJC_MSGSEND = YES;
				ENABLE_TESTABILITY = YES;
				GCC_C_LANGUAGE_STANDARD = gnu99;
				GCC_DYNAMIC_NO_PIC = NO;
				GCC_NO_COMMON_BLOCKS = YES;
				GCC_OPTIMIZATION_LEVEL = 0;
				GCC_PREPROCESSOR_DEFINITIONS = (
					"DEBUG=1",
					"$(inherited)",
				);
				GCC_WARN_64_TO_32_BIT_CONVERSION = YES;
				GCC_WARN_ABOUT_RETURN_TYPE = YES_ERROR;
				GCC_WARN_UNDECLARED_SELECTOR = YES;
				GCC_WARN_UNINITIALIZED_AUTOS = YES_AGGRESSIVE;
				GCC_WARN_UNUSED_FUNCTION = YES;
				GCC_WARN_UNUSED_VARIABLE = YES;
				IPHONEOS_DEPLOYMENT_TARGET = 9.3;
				MTL_ENABLE_DEBUG_INFO = YES;
				ONLY_ACTIVE_ARCH = YES;
				SDKROOT = iphoneos;
			};
			name = Debug;
		};
		D41228FE1DB9B7CF00FB4937 /* Release */ = {
			isa = XCBuildConfiguration;
			buildSettings = {
				ALWAYS_SEARCH_USER_PATHS = NO;
				CLANG_ANALYZER_NONNULL = YES;
				CLANG_CXX_LANGUAGE_STANDARD = "gnu++0x";
				CLANG_CXX_LIBRARY = "libc++";
				CLANG_ENABLE_MODULES = YES;
				CLANG_ENABLE_OBJC_ARC = YES;
				CLANG_WARN_BOOL_CONVERSION = YES;
				CLANG_WARN_CONSTANT_CONVERSION = YES;
				CLANG_WARN_DIRECT_OBJC_ISA_USAGE = YES_ERROR;
				CLANG_WARN_EMPTY_BODY = YES;
				CLANG_WARN_ENUM_CONVERSION = YES;
				CLANG_WARN_INT_CONVERSION = YES;
				CLANG_WARN_OBJC_ROOT_CLASS = YES_ERROR;
				CLANG_WARN_UNREACHABLE_CODE = YES;
				CLANG_WARN__DUPLICATE_METHOD_MATCH = YES;
				"CODE_SIGN_IDENTITY[sdk=iphoneos*]" = "iPhone Developer";
				COPY_PHASE_STRIP = NO;
				DEBUG_INFORMATION_FORMAT = "dwarf-with-dsym";
				ENABLE_NS_ASSERTIONS = NO;
				ENABLE_STRICT_OBJC_MSGSEND = YES;
				GCC_C_LANGUAGE_STANDARD = gnu99;
				GCC_NO_COMMON_BLOCKS = YES;
				GCC_WARN_64_TO_32_BIT_CONVERSION = YES;
				GCC_WARN_ABOUT_RETURN_TYPE = YES_ERROR;
				GCC_WARN_UNDECLARED_SELECTOR = YES;
				GCC_WARN_UNINITIALIZED_AUTOS = YES_AGGRESSIVE;
				GCC_WARN_UNUSED_FUNCTION = YES;
				GCC_WARN_UNUSED_VARIABLE = YES;
				IPHONEOS_DEPLOYMENT_TARGET = 9.3;
				MTL_ENABLE_DEBUG_INFO = NO;
				SDKROOT = iphoneos;
				VALIDATE_PRODUCT = YES;
			};
			name = Release;
		};
		D41229001DB9B7CF00FB4937 /* Debug */ = {
			isa = XCBuildConfiguration;
			buildSettings = {
				HEADER_SEARCH_PATHS = "$(SRCROOT)/../../react-native/React/**";
				OTHER_LDFLAGS = "-ObjC";
				PRODUCT_NAME = "$(TARGET_NAME)";
				SKIP_INSTALL = YES;
			};
			name = Debug;
		};
		D41229011DB9B7CF00FB4937 /* Release */ = {
			isa = XCBuildConfiguration;
			buildSettings = {
				HEADER_SEARCH_PATHS = "$(SRCROOT)/../../react-native/React/**";
				OTHER_LDFLAGS = "-ObjC";
				PRODUCT_NAME = "$(TARGET_NAME)";
				SKIP_INSTALL = YES;
			};
			name = Release;
		};
/* End XCBuildConfiguration section */

/* Begin XCConfigurationList section */
		D41228F11DB9B7CF00FB4937 /* Build configuration list for PBXProject "Communication" */ = {
			isa = XCConfigurationList;
			buildConfigurations = (
				D41228FD1DB9B7CF00FB4937 /* Debug */,
				D41228FE1DB9B7CF00FB4937 /* Release */,
			);
			defaultConfigurationIsVisible = 0;
			defaultConfigurationName = Release;
		};
		D41228FF1DB9B7CF00FB4937 /* Build configuration list for PBXNativeTarget "Communication" */ = {
			isa = XCConfigurationList;
			buildConfigurations = (
				D41229001DB9B7CF00FB4937 /* Debug */,
				D41229011DB9B7CF00FB4937 /* Release */,
			);
			defaultConfigurationIsVisible = 0;
			defaultConfigurationName = Release;
		};
/* End XCConfigurationList section */
	};
	rootObject = D41228EE1DB9B7CF00FB4937 /* Project object */;
}
